// !$*UTF8*$!
{
	archiveVersion = 1;
	classes = {
	};
	objectVersion = 48;
	objects = {

/* Begin PBXBuildFile section */
		930CA3BC207D19C60052DAD0 /* PieChartView.swift in Sources */ = {isa = PBXBuildFile; fileRef = 930CA3BB207D19C60052DAD0 /* PieChartView.swift */; };
		930CA3BE207D1D000052DAD0 /* CGFloat+Extensions.swift in Sources */ = {isa = PBXBuildFile; fileRef = 930CA3BD207D1D000052DAD0 /* CGFloat+Extensions.swift */; };
		930CA3C0207D21AA0052DAD0 /* PiecePath.swift in Sources */ = {isa = PBXBuildFile; fileRef = 930CA3BF207D21AA0052DAD0 /* PiecePath.swift */; };
		930CA3C3207D257A0052DAD0 /* TransactionsChart.xib in Resources */ = {isa = PBXBuildFile; fileRef = 930CA3C2207D257A0052DAD0 /* TransactionsChart.xib */; };
		930CA3C5207D269E0052DAD0 /* TransactionsChart.swift in Sources */ = {isa = PBXBuildFile; fileRef = 930CA3C4207D269E0052DAD0 /* TransactionsChart.swift */; };
		930CA3C8207D3FDD0052DAD0 /* TransactionItem.xib in Resources */ = {isa = PBXBuildFile; fileRef = 930CA3C7207D3FDD0052DAD0 /* TransactionItem.xib */; };
		930CA3CA207D43040052DAD0 /* TransactionItem.swift in Sources */ = {isa = PBXBuildFile; fileRef = 930CA3C9207D43040052DAD0 /* TransactionItem.swift */; };
		93219346207A8F2E00273DAF /* Int+Extensions.swift in Sources */ = {isa = PBXBuildFile; fileRef = 93219345207A8F2E00273DAF /* Int+Extensions.swift */; };
		93219348207A909B00273DAF /* UIColor+Extensions.swift in Sources */ = {isa = PBXBuildFile; fileRef = 93219347207A909B00273DAF /* UIColor+Extensions.swift */; };
		9321934A207AC26400273DAF /* CustomTransitionNavigationController.swift in Sources */ = {isa = PBXBuildFile; fileRef = 93219349207AC26400273DAF /* CustomTransitionNavigationController.swift */; };
		9321934C207AC29300273DAF /* TransitionController.swift in Sources */ = {isa = PBXBuildFile; fileRef = 9321934B207AC29300273DAF /* TransitionController.swift */; };
		9321934E207AC2BB00273DAF /* NavigationCustomOperation.swift in Sources */ = {isa = PBXBuildFile; fileRef = 9321934D207AC2BB00273DAF /* NavigationCustomOperation.swift */; };
		93219351207AC38300273DAF /* CGPoint+Extensions.swift in Sources */ = {isa = PBXBuildFile; fileRef = 93219350207AC38300273DAF /* CGPoint+Extensions.swift */; };
		9341CC3F2073BAEC00A21F7F /* ChooseCoinViewController.swift in Sources */ = {isa = PBXBuildFile; fileRef = 9341CC3E2073BAEC00A21F7F /* ChooseCoinViewController.swift */; };
		9341CC412073BB0600A21F7F /* ChooseCoinPresenter.swift in Sources */ = {isa = PBXBuildFile; fileRef = 9341CC402073BB0600A21F7F /* ChooseCoinPresenter.swift */; };
		9341CC432073C63D00A21F7F /* ChooseCoinView.swift in Sources */ = {isa = PBXBuildFile; fileRef = 9341CC422073C63D00A21F7F /* ChooseCoinView.swift */; };
		9341CC452073C93D00A21F7F /* CoinShortItem.swift in Sources */ = {isa = PBXBuildFile; fileRef = 9341CC442073C93D00A21F7F /* CoinShortItem.swift */; };
		9341CC472073C95500A21F7F /* CoinShortItem.xib in Resources */ = {isa = PBXBuildFile; fileRef = 9341CC462073C95500A21F7F /* CoinShortItem.xib */; };
		9341CC4A2073E16900A21F7F /* LargeButton.swift in Sources */ = {isa = PBXBuildFile; fileRef = 9341CC492073E16900A21F7F /* LargeButton.swift */; };
		9341CC4E2073EB3900A21F7F /* EnterTransactionDetailsView.swift in Sources */ = {isa = PBXBuildFile; fileRef = 9341CC4D2073EB3900A21F7F /* EnterTransactionDetailsView.swift */; };
		9341CC502073EB4D00A21F7F /* EnterTransactionDetailsPresenter.swift in Sources */ = {isa = PBXBuildFile; fileRef = 9341CC4F2073EB4D00A21F7F /* EnterTransactionDetailsPresenter.swift */; };
		9341CC522073EB6200A21F7F /* EnterTransactionDetailsViewController.swift in Sources */ = {isa = PBXBuildFile; fileRef = 9341CC512073EB6200A21F7F /* EnterTransactionDetailsViewController.swift */; };
		9341CC552073EC2200A21F7F /* TransactionCreatingSession.swift in Sources */ = {isa = PBXBuildFile; fileRef = 9341CC542073EC2200A21F7F /* TransactionCreatingSession.swift */; };
		9341CC572073F26400A21F7F /* AddTransactionPresenter.swift in Sources */ = {isa = PBXBuildFile; fileRef = 9341CC562073F26400A21F7F /* AddTransactionPresenter.swift */; };
		9341CC592073F96000A21F7F /* ChoiceBottomPicker.swift in Sources */ = {isa = PBXBuildFile; fileRef = 9341CC582073F96000A21F7F /* ChoiceBottomPicker.swift */; };
		9341CC5B20741A3700A21F7F /* DateFormatter+Extensions.swift in Sources */ = {isa = PBXBuildFile; fileRef = 9341CC5A20741A3700A21F7F /* DateFormatter+Extensions.swift */; };
		9341CC5D20741D0800A21F7F /* ControllerHelper.swift in Sources */ = {isa = PBXBuildFile; fileRef = 9341CC5C20741D0800A21F7F /* ControllerHelper.swift */; };
		9341CC5F2075050300A21F7F /* AddTransactionNavigationController.swift in Sources */ = {isa = PBXBuildFile; fileRef = 9341CC5E2075050300A21F7F /* AddTransactionNavigationController.swift */; };
		9341CC612075055E00A21F7F /* AddTransactionView.swift in Sources */ = {isa = PBXBuildFile; fileRef = 9341CC602075055E00A21F7F /* AddTransactionView.swift */; };
		9341CC6320750D4E00A21F7F /* ChooseCoinViewPresenter.swift in Sources */ = {isa = PBXBuildFile; fileRef = 9341CC6220750D4E00A21F7F /* ChooseCoinViewPresenter.swift */; };
		9341CC65207515FF00A21F7F /* EnterTransactionDetailsViewPresenter.swift in Sources */ = {isa = PBXBuildFile; fileRef = 9341CC64207515FF00A21F7F /* EnterTransactionDetailsViewPresenter.swift */; };
		9341CC6720754AAC00A21F7F /* CustomTabBarController.swift in Sources */ = {isa = PBXBuildFile; fileRef = 9341CC6620754AAC00A21F7F /* CustomTabBarController.swift */; };
		9341CC6920765F5D00A21F7F /* PortfolioView.swift in Sources */ = {isa = PBXBuildFile; fileRef = 9341CC6820765F5D00A21F7F /* PortfolioView.swift */; };
		9341CC6C20765F8400A21F7F /* PortfolioPresenter.swift in Sources */ = {isa = PBXBuildFile; fileRef = 9341CC6B20765F8400A21F7F /* PortfolioPresenter.swift */; };
		9341CC6E20765F9900A21F7F /* PortfolioViewController.swift in Sources */ = {isa = PBXBuildFile; fileRef = 9341CC6D20765F9900A21F7F /* PortfolioViewController.swift */; };
		9341CC7020765FDF00A21F7F /* TransactionsListView.swift in Sources */ = {isa = PBXBuildFile; fileRef = 9341CC6F20765FDF00A21F7F /* TransactionsListView.swift */; };
		9341CC73207670F200A21F7F /* TransactionsListViewController.swift in Sources */ = {isa = PBXBuildFile; fileRef = 9341CC72207670F200A21F7F /* TransactionsListViewController.swift */; };
		9341CC752076710900A21F7F /* TransactionsListPresenter.swift in Sources */ = {isa = PBXBuildFile; fileRef = 9341CC742076710900A21F7F /* TransactionsListPresenter.swift */; };
		9341CC7720767F4200A21F7F /* PortfolioDataController.swift in Sources */ = {isa = PBXBuildFile; fileRef = 9341CC7620767F4200A21F7F /* PortfolioDataController.swift */; };
		9341CC792076A3F500A21F7F /* PortfolioSession.swift in Sources */ = {isa = PBXBuildFile; fileRef = 9341CC782076A3F500A21F7F /* PortfolioSession.swift */; };
		9341CC7B2077D55B00A21F7F /* PortfolioCoinItem.swift in Sources */ = {isa = PBXBuildFile; fileRef = 9341CC7A2077D55B00A21F7F /* PortfolioCoinItem.swift */; };
		9341CC7E2077D57200A21F7F /* PortfolioCoinItem.xib in Resources */ = {isa = PBXBuildFile; fileRef = 9341CC7D2077D57200A21F7F /* PortfolioCoinItem.xib */; };
		9341CC802077F6DD00A21F7F /* PortfolioCoinScreen.swift in Sources */ = {isa = PBXBuildFile; fileRef = 9341CC7F2077F6DC00A21F7F /* PortfolioCoinScreen.swift */; };
		9341CC852077FD6400A21F7F /* String+Extensions.swift in Sources */ = {isa = PBXBuildFile; fileRef = 9341CC842077FD6400A21F7F /* String+Extensions.swift */; };
		9341CC892078055F00A21F7F /* PortfolioNavigationController.swift in Sources */ = {isa = PBXBuildFile; fileRef = 9341CC882078055F00A21F7F /* PortfolioNavigationController.swift */; };
		9341CC95207A773800A21F7F /* PortfolioHeaderView.xib in Resources */ = {isa = PBXBuildFile; fileRef = 9341CC94207A773800A21F7F /* PortfolioHeaderView.xib */; };
		9341CC97207A774500A21F7F /* PortfolioHeaderView.swift in Sources */ = {isa = PBXBuildFile; fileRef = 9341CC96207A774500A21F7F /* PortfolioHeaderView.swift */; };
		935F9AF7206C0217008B0E66 /* JsonInitializable.swift in Sources */ = {isa = PBXBuildFile; fileRef = 935F9AF6206C0217008B0E66 /* JsonInitializable.swift */; };
		935F9AFB206C0863008B0E66 /* ManagedContextInitializable.swift in Sources */ = {isa = PBXBuildFile; fileRef = 935F9AFA206C0863008B0E66 /* ManagedContextInitializable.swift */; };
		935F9AFD206C0FFA008B0E66 /* Mapper.swift in Sources */ = {isa = PBXBuildFile; fileRef = 935F9AFC206C0FFA008B0E66 /* Mapper.swift */; };
		935F9AFF206C415E008B0E66 /* ConcurrentBlocksArray.swift in Sources */ = {isa = PBXBuildFile; fileRef = 935F9AFE206C415E008B0E66 /* ConcurrentBlocksArray.swift */; };
		93B1B05F207EA38D00106D4D /* UIDevice+Extensions.swift in Sources */ = {isa = PBXBuildFile; fileRef = 93B1B05E207EA38D00106D4D /* UIDevice+Extensions.swift */; };
		93C5E2A2206D1B78007ED48E /* ImageManager.swift in Sources */ = {isa = PBXBuildFile; fileRef = 93C5E2A1206D1B78007ED48E /* ImageManager.swift */; };
		93C5E2A4206D5FDE007ED48E /* ExtendedCoinPrice.swift in Sources */ = {isa = PBXBuildFile; fileRef = 93C5E2A3206D5FDE007ED48E /* ExtendedCoinPrice.swift */; };
		93C5E2A6206D6276007ED48E /* Convert.swift in Sources */ = {isa = PBXBuildFile; fileRef = 93C5E2A5206D6276007ED48E /* Convert.swift */; };
		93CC67C0203F0BD600F5BE75 /* AppDelegate.swift in Sources */ = {isa = PBXBuildFile; fileRef = 93CC67BF203F0BD600F5BE75 /* AppDelegate.swift */; };
		93CC67C2203F0BD600F5BE75 /* ViewController.swift in Sources */ = {isa = PBXBuildFile; fileRef = 93CC67C1203F0BD600F5BE75 /* ViewController.swift */; };
		93CC67C5203F0BD600F5BE75 /* Main.storyboard in Resources */ = {isa = PBXBuildFile; fileRef = 93CC67C3203F0BD600F5BE75 /* Main.storyboard */; };
		93CC67C8203F0BD600F5BE75 /* crypto_graph.xcdatamodeld in Sources */ = {isa = PBXBuildFile; fileRef = 93CC67C6203F0BD600F5BE75 /* crypto_graph.xcdatamodeld */; };
		93CC67CA203F0BD600F5BE75 /* Assets.xcassets in Resources */ = {isa = PBXBuildFile; fileRef = 93CC67C9203F0BD600F5BE75 /* Assets.xcassets */; };
		93CC67CD203F0BD600F5BE75 /* LaunchScreen.storyboard in Resources */ = {isa = PBXBuildFile; fileRef = 93CC67CB203F0BD600F5BE75 /* LaunchScreen.storyboard */; };
		93CC6821204745FD00F5BE75 /* Coin.swift in Sources */ = {isa = PBXBuildFile; fileRef = 93CC6812204745FC00F5BE75 /* Coin.swift */; };
		93CC6823204745FE00F5BE75 /* CoinsAPI.swift in Sources */ = {isa = PBXBuildFile; fileRef = 93CC6814204745FC00F5BE75 /* CoinsAPI.swift */; };
		93CC6826204745FE00F5BE75 /* CoreDataManager.swift in Sources */ = {isa = PBXBuildFile; fileRef = 93CC6818204745FC00F5BE75 /* CoreDataManager.swift */; };
		93CC6827204745FE00F5BE75 /* NSManagedObjectContext+Extensions.swift in Sources */ = {isa = PBXBuildFile; fileRef = 93CC6819204745FC00F5BE75 /* NSManagedObjectContext+Extensions.swift */; };
		93CC6828204745FE00F5BE75 /* Transaction.swift in Sources */ = {isa = PBXBuildFile; fileRef = 93CC681A204745FD00F5BE75 /* Transaction.swift */; };
		93CC682B204745FE00F5BE75 /* APIEndpoint.swift in Sources */ = {isa = PBXBuildFile; fileRef = 93CC681D204745FD00F5BE75 /* APIEndpoint.swift */; };
		93CC682D204745FE00F5BE75 /* Managed.swift in Sources */ = {isa = PBXBuildFile; fileRef = 93CC681F204745FD00F5BE75 /* Managed.swift */; };
		93CC682E204745FE00F5BE75 /* Price.swift in Sources */ = {isa = PBXBuildFile; fileRef = 93CC6820204745FD00F5BE75 /* Price.swift */; };
		95B2273136A529936DEA0264 /* Pods_crypto_graph.framework in Frameworks */ = {isa = PBXBuildFile; fileRef = 6C034D56A11FE2CF5C550435 /* Pods_crypto_graph.framework */; };
/* End PBXBuildFile section */

/* Begin PBXFileReference section */
		3AC019C8CAE90372AB7F589A /* Pods-crypto-graph.debug.xcconfig */ = {isa = PBXFileReference; includeInIndex = 1; lastKnownFileType = text.xcconfig; name = "Pods-crypto-graph.debug.xcconfig"; path = "Pods/Target Support Files/Pods-crypto-graph/Pods-crypto-graph.debug.xcconfig"; sourceTree = "<group>"; };
		4A8E082030513B29A1952D5F /* Pods-crypto-graph.release.xcconfig */ = {isa = PBXFileReference; includeInIndex = 1; lastKnownFileType = text.xcconfig; name = "Pods-crypto-graph.release.xcconfig"; path = "Pods/Target Support Files/Pods-crypto-graph/Pods-crypto-graph.release.xcconfig"; sourceTree = "<group>"; };
		6C034D56A11FE2CF5C550435 /* Pods_crypto_graph.framework */ = {isa = PBXFileReference; explicitFileType = wrapper.framework; includeInIndex = 0; path = Pods_crypto_graph.framework; sourceTree = BUILT_PRODUCTS_DIR; };
		930CA3BB207D19C60052DAD0 /* PieChartView.swift */ = {isa = PBXFileReference; lastKnownFileType = sourcecode.swift; path = PieChartView.swift; sourceTree = "<group>"; };
		930CA3BD207D1D000052DAD0 /* CGFloat+Extensions.swift */ = {isa = PBXFileReference; lastKnownFileType = sourcecode.swift; path = "CGFloat+Extensions.swift"; sourceTree = "<group>"; };
		930CA3BF207D21AA0052DAD0 /* PiecePath.swift */ = {isa = PBXFileReference; lastKnownFileType = sourcecode.swift; path = PiecePath.swift; sourceTree = "<group>"; };
		930CA3C2207D257A0052DAD0 /* TransactionsChart.xib */ = {isa = PBXFileReference; lastKnownFileType = file.xib; path = TransactionsChart.xib; sourceTree = "<group>"; };
		930CA3C4207D269E0052DAD0 /* TransactionsChart.swift */ = {isa = PBXFileReference; lastKnownFileType = sourcecode.swift; path = TransactionsChart.swift; sourceTree = "<group>"; };
		930CA3C7207D3FDD0052DAD0 /* TransactionItem.xib */ = {isa = PBXFileReference; lastKnownFileType = file.xib; path = TransactionItem.xib; sourceTree = "<group>"; };
		930CA3C9207D43040052DAD0 /* TransactionItem.swift */ = {isa = PBXFileReference; lastKnownFileType = sourcecode.swift; path = TransactionItem.swift; sourceTree = "<group>"; };
		93219345207A8F2E00273DAF /* Int+Extensions.swift */ = {isa = PBXFileReference; lastKnownFileType = sourcecode.swift; path = "Int+Extensions.swift"; sourceTree = "<group>"; };
		93219347207A909B00273DAF /* UIColor+Extensions.swift */ = {isa = PBXFileReference; lastKnownFileType = sourcecode.swift; path = "UIColor+Extensions.swift"; sourceTree = "<group>"; };
		93219349207AC26400273DAF /* CustomTransitionNavigationController.swift */ = {isa = PBXFileReference; lastKnownFileType = sourcecode.swift; path = CustomTransitionNavigationController.swift; sourceTree = "<group>"; };
		9321934B207AC29300273DAF /* TransitionController.swift */ = {isa = PBXFileReference; lastKnownFileType = sourcecode.swift; path = TransitionController.swift; sourceTree = "<group>"; };
		9321934D207AC2BB00273DAF /* NavigationCustomOperation.swift */ = {isa = PBXFileReference; lastKnownFileType = sourcecode.swift; path = NavigationCustomOperation.swift; sourceTree = "<group>"; };
		93219350207AC38300273DAF /* CGPoint+Extensions.swift */ = {isa = PBXFileReference; lastKnownFileType = sourcecode.swift; path = "CGPoint+Extensions.swift"; sourceTree = "<group>"; };
		9341CC3E2073BAEC00A21F7F /* ChooseCoinViewController.swift */ = {isa = PBXFileReference; lastKnownFileType = sourcecode.swift; path = ChooseCoinViewController.swift; sourceTree = "<group>"; };
		9341CC402073BB0600A21F7F /* ChooseCoinPresenter.swift */ = {isa = PBXFileReference; lastKnownFileType = sourcecode.swift; path = ChooseCoinPresenter.swift; sourceTree = "<group>"; };
		9341CC422073C63D00A21F7F /* ChooseCoinView.swift */ = {isa = PBXFileReference; lastKnownFileType = sourcecode.swift; path = ChooseCoinView.swift; sourceTree = "<group>"; };
		9341CC442073C93D00A21F7F /* CoinShortItem.swift */ = {isa = PBXFileReference; lastKnownFileType = sourcecode.swift; path = CoinShortItem.swift; sourceTree = "<group>"; };
		9341CC462073C95500A21F7F /* CoinShortItem.xib */ = {isa = PBXFileReference; lastKnownFileType = file.xib; path = CoinShortItem.xib; sourceTree = "<group>"; };
		9341CC492073E16900A21F7F /* LargeButton.swift */ = {isa = PBXFileReference; lastKnownFileType = sourcecode.swift; path = LargeButton.swift; sourceTree = "<group>"; };
		9341CC4D2073EB3900A21F7F /* EnterTransactionDetailsView.swift */ = {isa = PBXFileReference; lastKnownFileType = sourcecode.swift; path = EnterTransactionDetailsView.swift; sourceTree = "<group>"; };
		9341CC4F2073EB4D00A21F7F /* EnterTransactionDetailsPresenter.swift */ = {isa = PBXFileReference; lastKnownFileType = sourcecode.swift; path = EnterTransactionDetailsPresenter.swift; sourceTree = "<group>"; };
		9341CC512073EB6200A21F7F /* EnterTransactionDetailsViewController.swift */ = {isa = PBXFileReference; lastKnownFileType = sourcecode.swift; path = EnterTransactionDetailsViewController.swift; sourceTree = "<group>"; };
		9341CC542073EC2200A21F7F /* TransactionCreatingSession.swift */ = {isa = PBXFileReference; lastKnownFileType = sourcecode.swift; path = TransactionCreatingSession.swift; sourceTree = "<group>"; };
		9341CC562073F26400A21F7F /* AddTransactionPresenter.swift */ = {isa = PBXFileReference; lastKnownFileType = sourcecode.swift; path = AddTransactionPresenter.swift; sourceTree = "<group>"; };
		9341CC582073F96000A21F7F /* ChoiceBottomPicker.swift */ = {isa = PBXFileReference; lastKnownFileType = sourcecode.swift; path = ChoiceBottomPicker.swift; sourceTree = "<group>"; };
		9341CC5A20741A3700A21F7F /* DateFormatter+Extensions.swift */ = {isa = PBXFileReference; lastKnownFileType = sourcecode.swift; path = "DateFormatter+Extensions.swift"; sourceTree = "<group>"; };
		9341CC5C20741D0800A21F7F /* ControllerHelper.swift */ = {isa = PBXFileReference; lastKnownFileType = sourcecode.swift; path = ControllerHelper.swift; sourceTree = "<group>"; };
		9341CC5E2075050300A21F7F /* AddTransactionNavigationController.swift */ = {isa = PBXFileReference; lastKnownFileType = sourcecode.swift; path = AddTransactionNavigationController.swift; sourceTree = "<group>"; };
		9341CC602075055E00A21F7F /* AddTransactionView.swift */ = {isa = PBXFileReference; lastKnownFileType = sourcecode.swift; path = AddTransactionView.swift; sourceTree = "<group>"; };
		9341CC6220750D4E00A21F7F /* ChooseCoinViewPresenter.swift */ = {isa = PBXFileReference; lastKnownFileType = sourcecode.swift; path = ChooseCoinViewPresenter.swift; sourceTree = "<group>"; };
		9341CC64207515FF00A21F7F /* EnterTransactionDetailsViewPresenter.swift */ = {isa = PBXFileReference; lastKnownFileType = sourcecode.swift; path = EnterTransactionDetailsViewPresenter.swift; sourceTree = "<group>"; };
		9341CC6620754AAC00A21F7F /* CustomTabBarController.swift */ = {isa = PBXFileReference; lastKnownFileType = sourcecode.swift; path = CustomTabBarController.swift; sourceTree = "<group>"; };
		9341CC6820765F5D00A21F7F /* PortfolioView.swift */ = {isa = PBXFileReference; lastKnownFileType = sourcecode.swift; path = PortfolioView.swift; sourceTree = "<group>"; };
		9341CC6B20765F8400A21F7F /* PortfolioPresenter.swift */ = {isa = PBXFileReference; lastKnownFileType = sourcecode.swift; path = PortfolioPresenter.swift; sourceTree = "<group>"; };
		9341CC6D20765F9900A21F7F /* PortfolioViewController.swift */ = {isa = PBXFileReference; lastKnownFileType = sourcecode.swift; path = PortfolioViewController.swift; sourceTree = "<group>"; };
		9341CC6F20765FDF00A21F7F /* TransactionsListView.swift */ = {isa = PBXFileReference; lastKnownFileType = sourcecode.swift; path = TransactionsListView.swift; sourceTree = "<group>"; };
		9341CC72207670F200A21F7F /* TransactionsListViewController.swift */ = {isa = PBXFileReference; lastKnownFileType = sourcecode.swift; path = TransactionsListViewController.swift; sourceTree = "<group>"; };
		9341CC742076710900A21F7F /* TransactionsListPresenter.swift */ = {isa = PBXFileReference; lastKnownFileType = sourcecode.swift; path = TransactionsListPresenter.swift; sourceTree = "<group>"; };
		9341CC7620767F4200A21F7F /* PortfolioDataController.swift */ = {isa = PBXFileReference; lastKnownFileType = sourcecode.swift; path = PortfolioDataController.swift; sourceTree = "<group>"; };
		9341CC782076A3F500A21F7F /* PortfolioSession.swift */ = {isa = PBXFileReference; lastKnownFileType = sourcecode.swift; path = PortfolioSession.swift; sourceTree = "<group>"; };
		9341CC7A2077D55B00A21F7F /* PortfolioCoinItem.swift */ = {isa = PBXFileReference; lastKnownFileType = sourcecode.swift; path = PortfolioCoinItem.swift; sourceTree = "<group>"; };
		9341CC7D2077D57200A21F7F /* PortfolioCoinItem.xib */ = {isa = PBXFileReference; lastKnownFileType = file.xib; path = PortfolioCoinItem.xib; sourceTree = "<group>"; };
		9341CC7F2077F6DC00A21F7F /* PortfolioCoinScreen.swift */ = {isa = PBXFileReference; lastKnownFileType = sourcecode.swift; path = PortfolioCoinScreen.swift; sourceTree = "<group>"; };
		9341CC842077FD6400A21F7F /* String+Extensions.swift */ = {isa = PBXFileReference; lastKnownFileType = sourcecode.swift; path = "String+Extensions.swift"; sourceTree = "<group>"; };
		9341CC882078055F00A21F7F /* PortfolioNavigationController.swift */ = {isa = PBXFileReference; lastKnownFileType = sourcecode.swift; path = PortfolioNavigationController.swift; sourceTree = "<group>"; };
		9341CC94207A773800A21F7F /* PortfolioHeaderView.xib */ = {isa = PBXFileReference; lastKnownFileType = file.xib; name = PortfolioHeaderView.xib; path = ../PortfolioHeaderView/PortfolioHeaderView.xib; sourceTree = "<group>"; };
		9341CC96207A774500A21F7F /* PortfolioHeaderView.swift */ = {isa = PBXFileReference; lastKnownFileType = sourcecode.swift; name = PortfolioHeaderView.swift; path = ../PortfolioHeaderView/PortfolioHeaderView.swift; sourceTree = "<group>"; };
		935F9AF6206C0217008B0E66 /* JsonInitializable.swift */ = {isa = PBXFileReference; lastKnownFileType = sourcecode.swift; path = JsonInitializable.swift; sourceTree = "<group>"; };
		935F9AFA206C0863008B0E66 /* ManagedContextInitializable.swift */ = {isa = PBXFileReference; lastKnownFileType = sourcecode.swift; path = ManagedContextInitializable.swift; sourceTree = "<group>"; };
		935F9AFC206C0FFA008B0E66 /* Mapper.swift */ = {isa = PBXFileReference; lastKnownFileType = sourcecode.swift; path = Mapper.swift; sourceTree = "<group>"; };
		935F9AFE206C415E008B0E66 /* ConcurrentBlocksArray.swift */ = {isa = PBXFileReference; lastKnownFileType = sourcecode.swift; path = ConcurrentBlocksArray.swift; sourceTree = "<group>"; };
		93B1B05E207EA38D00106D4D /* UIDevice+Extensions.swift */ = {isa = PBXFileReference; lastKnownFileType = sourcecode.swift; path = "UIDevice+Extensions.swift"; sourceTree = "<group>"; };
		93C5E2A1206D1B78007ED48E /* ImageManager.swift */ = {isa = PBXFileReference; lastKnownFileType = sourcecode.swift; path = ImageManager.swift; sourceTree = "<group>"; };
		93C5E2A3206D5FDE007ED48E /* ExtendedCoinPrice.swift */ = {isa = PBXFileReference; lastKnownFileType = sourcecode.swift; path = ExtendedCoinPrice.swift; sourceTree = "<group>"; };
		93C5E2A5206D6276007ED48E /* Convert.swift */ = {isa = PBXFileReference; lastKnownFileType = sourcecode.swift; path = Convert.swift; sourceTree = "<group>"; };
		93CC67BC203F0BD600F5BE75 /* crypto-graph.app */ = {isa = PBXFileReference; explicitFileType = wrapper.application; includeInIndex = 0; path = "crypto-graph.app"; sourceTree = BUILT_PRODUCTS_DIR; };
		93CC67BF203F0BD600F5BE75 /* AppDelegate.swift */ = {isa = PBXFileReference; lastKnownFileType = sourcecode.swift; path = AppDelegate.swift; sourceTree = "<group>"; };
		93CC67C1203F0BD600F5BE75 /* ViewController.swift */ = {isa = PBXFileReference; lastKnownFileType = sourcecode.swift; path = ViewController.swift; sourceTree = "<group>"; };
		93CC67C4203F0BD600F5BE75 /* Base */ = {isa = PBXFileReference; lastKnownFileType = file.storyboard; name = Base; path = Base.lproj/Main.storyboard; sourceTree = "<group>"; };
		93CC67C7203F0BD600F5BE75 /* crypto_graph.xcdatamodel */ = {isa = PBXFileReference; lastKnownFileType = wrapper.xcdatamodel; path = crypto_graph.xcdatamodel; sourceTree = "<group>"; };
		93CC67C9203F0BD600F5BE75 /* Assets.xcassets */ = {isa = PBXFileReference; lastKnownFileType = folder.assetcatalog; path = Assets.xcassets; sourceTree = "<group>"; };
		93CC67CC203F0BD600F5BE75 /* Base */ = {isa = PBXFileReference; lastKnownFileType = file.storyboard; name = Base; path = Base.lproj/LaunchScreen.storyboard; sourceTree = "<group>"; };
		93CC67CE203F0BD600F5BE75 /* Info.plist */ = {isa = PBXFileReference; lastKnownFileType = text.plist.xml; path = Info.plist; sourceTree = "<group>"; };
		93CC6812204745FC00F5BE75 /* Coin.swift */ = {isa = PBXFileReference; fileEncoding = 4; lastKnownFileType = sourcecode.swift; path = Coin.swift; sourceTree = "<group>"; };
		93CC6814204745FC00F5BE75 /* CoinsAPI.swift */ = {isa = PBXFileReference; fileEncoding = 4; lastKnownFileType = sourcecode.swift; path = CoinsAPI.swift; sourceTree = "<group>"; };
		93CC6818204745FC00F5BE75 /* CoreDataManager.swift */ = {isa = PBXFileReference; fileEncoding = 4; lastKnownFileType = sourcecode.swift; path = CoreDataManager.swift; sourceTree = "<group>"; };
		93CC6819204745FC00F5BE75 /* NSManagedObjectContext+Extensions.swift */ = {isa = PBXFileReference; fileEncoding = 4; lastKnownFileType = sourcecode.swift; path = "NSManagedObjectContext+Extensions.swift"; sourceTree = "<group>"; };
		93CC681A204745FD00F5BE75 /* Transaction.swift */ = {isa = PBXFileReference; fileEncoding = 4; lastKnownFileType = sourcecode.swift; path = Transaction.swift; sourceTree = "<group>"; };
		93CC681D204745FD00F5BE75 /* APIEndpoint.swift */ = {isa = PBXFileReference; fileEncoding = 4; lastKnownFileType = sourcecode.swift; path = APIEndpoint.swift; sourceTree = "<group>"; };
		93CC681F204745FD00F5BE75 /* Managed.swift */ = {isa = PBXFileReference; fileEncoding = 4; lastKnownFileType = sourcecode.swift; path = Managed.swift; sourceTree = "<group>"; };
		93CC6820204745FD00F5BE75 /* Price.swift */ = {isa = PBXFileReference; fileEncoding = 4; lastKnownFileType = sourcecode.swift; path = Price.swift; sourceTree = "<group>"; };
/* End PBXFileReference section */

/* Begin PBXFrameworksBuildPhase section */
		93CC67B9203F0BD600F5BE75 /* Frameworks */ = {
			isa = PBXFrameworksBuildPhase;
			buildActionMask = 2147483647;
			files = (
				95B2273136A529936DEA0264 /* Pods_crypto_graph.framework in Frameworks */,
			);
			runOnlyForDeploymentPostprocessing = 0;
		};
/* End PBXFrameworksBuildPhase section */

/* Begin PBXGroup section */
		6E5191B7F8591220BC91271F /* Frameworks */ = {
			isa = PBXGroup;
			children = (
				6C034D56A11FE2CF5C550435 /* Pods_crypto_graph.framework */,
			);
			name = Frameworks;
			sourceTree = "<group>";
		};
		930CA3C1207D21E00052DAD0 /* PieChart */ = {
			isa = PBXGroup;
			children = (
				930CA3BB207D19C60052DAD0 /* PieChartView.swift */,
				930CA3BF207D21AA0052DAD0 /* PiecePath.swift */,
			);
			path = PieChart;
			sourceTree = "<group>";
		};
		930CA3C6207D28610052DAD0 /* TransactionsChart */ = {
			isa = PBXGroup;
			children = (
				930CA3C4207D269E0052DAD0 /* TransactionsChart.swift */,
				930CA3C2207D257A0052DAD0 /* TransactionsChart.xib */,
			);
			path = TransactionsChart;
			sourceTree = "<group>";
		};
		930CA3CB207D44060052DAD0 /* Transactionitem */ = {
			isa = PBXGroup;
			children = (
				930CA3C9207D43040052DAD0 /* TransactionItem.swift */,
				930CA3C7207D3FDD0052DAD0 /* TransactionItem.xib */,
			);
			path = Transactionitem;
			sourceTree = "<group>";
		};
		9321934F207AC2C800273DAF /* CustomTransition for NavigationController */ = {
			isa = PBXGroup;
			children = (
				93219349207AC26400273DAF /* CustomTransitionNavigationController.swift */,
				9321934B207AC29300273DAF /* TransitionController.swift */,
				9321934D207AC2BB00273DAF /* NavigationCustomOperation.swift */,
			);
			path = "CustomTransition for NavigationController";
			sourceTree = "<group>";
		};
		9341CC3B2073B2C000A21F7F /* Coin */ = {
			isa = PBXGroup;
			children = (
				93CC6812204745FC00F5BE75 /* Coin.swift */,
				93C5E2A3206D5FDE007ED48E /* ExtendedCoinPrice.swift */,
			);
			path = Coin;
			sourceTree = "<group>";
		};
		9341CC3C2073BA9700A21F7F /* Views */ = {
			isa = PBXGroup;
			children = (
				9341CC492073E16900A21F7F /* LargeButton.swift */,
				930CA3CB207D44060052DAD0 /* Transactionitem */,
				930CA3C6207D28610052DAD0 /* TransactionsChart */,
				9341CC98207A795200A21F7F /* PortfolioHeaderView */,
				9341CC7C2077D56200A21F7F /* PortfolioCoinItem */,
				9341CC482073E10C00A21F7F /* CoinShortItem */,
				9341CC582073F96000A21F7F /* ChoiceBottomPicker.swift */,
				930CA3C1207D21E00052DAD0 /* PieChart */,
			);
			path = Views;
			sourceTree = "<group>";
		};
		9341CC3D2073BAB400A21F7F /* Controllers */ = {
			isa = PBXGroup;
			children = (
				9341CC6620754AAC00A21F7F /* CustomTabBarController.swift */,
				9321934F207AC2C800273DAF /* CustomTransition for NavigationController */,
				9341CC7120765FE500A21F7F /* TransactionList */,
				9341CC6A20765F6900A21F7F /* Portfolio */,
				9341CC4B2073EABC00A21F7F /* AddTransaction */,
			);
			path = Controllers;
			sourceTree = "<group>";
		};
		9341CC482073E10C00A21F7F /* CoinShortItem */ = {
			isa = PBXGroup;
			children = (
				9341CC442073C93D00A21F7F /* CoinShortItem.swift */,
				9341CC462073C95500A21F7F /* CoinShortItem.xib */,
			);
			path = CoinShortItem;
			sourceTree = "<group>";
		};
		9341CC4B2073EABC00A21F7F /* AddTransaction */ = {
			isa = PBXGroup;
			children = (
				9341CC602075055E00A21F7F /* AddTransactionView.swift */,
				9341CC562073F26400A21F7F /* AddTransactionPresenter.swift */,
				9341CC5E2075050300A21F7F /* AddTransactionNavigationController.swift */,
				9341CC532073EB6600A21F7F /* EnterTransactionDetails */,
				9341CC4C2073EAC800A21F7F /* ChooseCoin */,
			);
			path = AddTransaction;
			sourceTree = "<group>";
		};
		9341CC4C2073EAC800A21F7F /* ChooseCoin */ = {
			isa = PBXGroup;
			children = (
				9341CC422073C63D00A21F7F /* ChooseCoinView.swift */,
				9341CC6220750D4E00A21F7F /* ChooseCoinViewPresenter.swift */,
				9341CC402073BB0600A21F7F /* ChooseCoinPresenter.swift */,
				9341CC3E2073BAEC00A21F7F /* ChooseCoinViewController.swift */,
			);
			path = ChooseCoin;
			sourceTree = "<group>";
		};
		9341CC532073EB6600A21F7F /* EnterTransactionDetails */ = {
			isa = PBXGroup;
			children = (
				9341CC4D2073EB3900A21F7F /* EnterTransactionDetailsView.swift */,
				9341CC64207515FF00A21F7F /* EnterTransactionDetailsViewPresenter.swift */,
				9341CC4F2073EB4D00A21F7F /* EnterTransactionDetailsPresenter.swift */,
				9341CC512073EB6200A21F7F /* EnterTransactionDetailsViewController.swift */,
			);
			path = EnterTransactionDetails;
			sourceTree = "<group>";
		};
		9341CC6A20765F6900A21F7F /* Portfolio */ = {
			isa = PBXGroup;
			children = (
				9341CC6820765F5D00A21F7F /* PortfolioView.swift */,
				9341CC6B20765F8400A21F7F /* PortfolioPresenter.swift */,
				9341CC6D20765F9900A21F7F /* PortfolioViewController.swift */,
				9341CC882078055F00A21F7F /* PortfolioNavigationController.swift */,
				9341CC7F2077F6DC00A21F7F /* PortfolioCoinScreen.swift */,
			);
			path = Portfolio;
			sourceTree = "<group>";
		};
		9341CC7120765FE500A21F7F /* TransactionList */ = {
			isa = PBXGroup;
			children = (
				9341CC6F20765FDF00A21F7F /* TransactionsListView.swift */,
				9341CC742076710900A21F7F /* TransactionsListPresenter.swift */,
				9341CC72207670F200A21F7F /* TransactionsListViewController.swift */,
			);
			path = TransactionList;
			sourceTree = "<group>";
		};
		9341CC7C2077D56200A21F7F /* PortfolioCoinItem */ = {
			isa = PBXGroup;
			children = (
				9341CC7A2077D55B00A21F7F /* PortfolioCoinItem.swift */,
				9341CC7D2077D57200A21F7F /* PortfolioCoinItem.xib */,
			);
			path = PortfolioCoinItem;
			sourceTree = "<group>";
		};
		9341CC98207A795200A21F7F /* PortfolioHeaderView */ = {
			isa = PBXGroup;
			children = (
				9341CC96207A774500A21F7F /* PortfolioHeaderView.swift */,
				9341CC94207A773800A21F7F /* PortfolioHeaderView.xib */,
			);
			path = PortfolioHeaderView;
			sourceTree = "<group>";
		};
		93C5E29F206D1511007ED48E /* WebManager */ = {
			isa = PBXGroup;
			children = (
				935F9AF6206C0217008B0E66 /* JsonInitializable.swift */,
				935F9AFA206C0863008B0E66 /* ManagedContextInitializable.swift */,
				93CC681D204745FD00F5BE75 /* APIEndpoint.swift */,
				93CC6814204745FC00F5BE75 /* CoinsAPI.swift */,
				935F9AFE206C415E008B0E66 /* ConcurrentBlocksArray.swift */,
				935F9AFC206C0FFA008B0E66 /* Mapper.swift */,
			);
			path = WebManager;
			sourceTree = "<group>";
		};
		93C5E2A0206D1536007ED48E /* Helpers */ = {
			isa = PBXGroup;
			children = (
				93C5E2A1206D1B78007ED48E /* ImageManager.swift */,
				9341CC5C20741D0800A21F7F /* ControllerHelper.swift */,
				93CC6818204745FC00F5BE75 /* CoreDataManager.swift */,
				93CC6819204745FC00F5BE75 /* NSManagedObjectContext+Extensions.swift */,
				9341CC5A20741A3700A21F7F /* DateFormatter+Extensions.swift */,
				9341CC842077FD6400A21F7F /* String+Extensions.swift */,
				93B1B05E207EA38D00106D4D /* UIDevice+Extensions.swift */,
				93219345207A8F2E00273DAF /* Int+Extensions.swift */,
				93219347207A909B00273DAF /* UIColor+Extensions.swift */,
				93219350207AC38300273DAF /* CGPoint+Extensions.swift */,
				930CA3BD207D1D000052DAD0 /* CGFloat+Extensions.swift */,
			);
			path = Helpers;
			sourceTree = "<group>";
		};
		93CC67B3203F0BD600F5BE75 = {
			isa = PBXGroup;
			children = (
				93CC67BE203F0BD600F5BE75 /* crypto-graph */,
				93CC67BD203F0BD600F5BE75 /* Products */,
				ADD272628898A33E166DD33F /* Pods */,
				6E5191B7F8591220BC91271F /* Frameworks */,
			);
			sourceTree = "<group>";
		};
		93CC67BD203F0BD600F5BE75 /* Products */ = {
			isa = PBXGroup;
			children = (
				93CC67BC203F0BD600F5BE75 /* crypto-graph.app */,
			);
			name = Products;
			sourceTree = "<group>";
		};
		93CC67BE203F0BD600F5BE75 /* crypto-graph */ = {
			isa = PBXGroup;
			children = (
				93CC67BF203F0BD600F5BE75 /* AppDelegate.swift */,
				93C5E2A0206D1536007ED48E /* Helpers */,
				93C5E29F206D1511007ED48E /* WebManager */,
				93CC682F204823D600F5BE75 /* Model */,
				9341CC3D2073BAB400A21F7F /* Controllers */,
				9341CC3C2073BA9700A21F7F /* Views */,
				93CC67C1203F0BD600F5BE75 /* ViewController.swift */,
				93CC67C3203F0BD600F5BE75 /* Main.storyboard */,
				93CC67C9203F0BD600F5BE75 /* Assets.xcassets */,
				93CC67CB203F0BD600F5BE75 /* LaunchScreen.storyboard */,
				93CC67CE203F0BD600F5BE75 /* Info.plist */,
			);
			path = "crypto-graph";
			sourceTree = "<group>";
		};
		93CC682F204823D600F5BE75 /* Model */ = {
			isa = PBXGroup;
			children = (
				93CC67C6203F0BD600F5BE75 /* crypto_graph.xcdatamodeld */,
				93CC681F204745FD00F5BE75 /* Managed.swift */,
				9341CC3B2073B2C000A21F7F /* Coin */,
				93CC6820204745FD00F5BE75 /* Price.swift */,
				93C5E2A5206D6276007ED48E /* Convert.swift */,
				93CC681A204745FD00F5BE75 /* Transaction.swift */,
				9341CC542073EC2200A21F7F /* TransactionCreatingSession.swift */,
				9341CC7620767F4200A21F7F /* PortfolioDataController.swift */,
				9341CC782076A3F500A21F7F /* PortfolioSession.swift */,
			);
			path = Model;
			sourceTree = "<group>";
		};
		ADD272628898A33E166DD33F /* Pods */ = {
			isa = PBXGroup;
			children = (
				3AC019C8CAE90372AB7F589A /* Pods-crypto-graph.debug.xcconfig */,
				4A8E082030513B29A1952D5F /* Pods-crypto-graph.release.xcconfig */,
			);
			name = Pods;
			sourceTree = "<group>";
		};
/* End PBXGroup section */

/* Begin PBXNativeTarget section */
		93CC67BB203F0BD600F5BE75 /* crypto-graph */ = {
			isa = PBXNativeTarget;
			buildConfigurationList = 93CC67D1203F0BD600F5BE75 /* Build configuration list for PBXNativeTarget "crypto-graph" */;
			buildPhases = (
				6EB24F2F2973106AD0312E42 /* [CP] Check Pods Manifest.lock */,
				93CC67B8203F0BD600F5BE75 /* Sources */,
				93CC67B9203F0BD600F5BE75 /* Frameworks */,
				93CC67BA203F0BD600F5BE75 /* Resources */,
				F1FEC42E69F60E9D0F70BF1C /* [CP] Embed Pods Frameworks */,
				99980C9948ECDB1253EB926A /* [CP] Copy Pods Resources */,
			);
			buildRules = (
			);
			dependencies = (
			);
			name = "crypto-graph";
			productName = "crypto-graph";
			productReference = 93CC67BC203F0BD600F5BE75 /* crypto-graph.app */;
			productType = "com.apple.product-type.application";
		};
/* End PBXNativeTarget section */

/* Begin PBXProject section */
		93CC67B4203F0BD600F5BE75 /* Project object */ = {
			isa = PBXProject;
			attributes = {
				LastSwiftUpdateCheck = 0920;
				LastUpgradeCheck = 0920;
				ORGANIZATIONNAME = "Base team";
				TargetAttributes = {
					93CC67BB203F0BD600F5BE75 = {
						CreatedOnToolsVersion = 9.2;
						ProvisioningStyle = Automatic;
					};
				};
			};
			buildConfigurationList = 93CC67B7203F0BD600F5BE75 /* Build configuration list for PBXProject "crypto-graph" */;
			compatibilityVersion = "Xcode 8.0";
			developmentRegion = en;
			hasScannedForEncodings = 0;
			knownRegions = (
				en,
				Base,
			);
			mainGroup = 93CC67B3203F0BD600F5BE75;
			productRefGroup = 93CC67BD203F0BD600F5BE75 /* Products */;
			projectDirPath = "";
			projectRoot = "";
			targets = (
				93CC67BB203F0BD600F5BE75 /* crypto-graph */,
			);
		};
/* End PBXProject section */

/* Begin PBXResourcesBuildPhase section */
		93CC67BA203F0BD600F5BE75 /* Resources */ = {
			isa = PBXResourcesBuildPhase;
			buildActionMask = 2147483647;
			files = (
				93CC67CD203F0BD600F5BE75 /* LaunchScreen.storyboard in Resources */,
				930CA3C8207D3FDD0052DAD0 /* TransactionItem.xib in Resources */,
				93CC67CA203F0BD600F5BE75 /* Assets.xcassets in Resources */,
				9341CC7E2077D57200A21F7F /* PortfolioCoinItem.xib in Resources */,
				9341CC472073C95500A21F7F /* CoinShortItem.xib in Resources */,
				93CC67C5203F0BD600F5BE75 /* Main.storyboard in Resources */,
				930CA3C3207D257A0052DAD0 /* TransactionsChart.xib in Resources */,
				9341CC95207A773800A21F7F /* PortfolioHeaderView.xib in Resources */,
			);
			runOnlyForDeploymentPostprocessing = 0;
		};
/* End PBXResourcesBuildPhase section */

/* Begin PBXShellScriptBuildPhase section */
		6EB24F2F2973106AD0312E42 /* [CP] Check Pods Manifest.lock */ = {
			isa = PBXShellScriptBuildPhase;
			buildActionMask = 2147483647;
			files = (
			);
			inputPaths = (
			);
			name = "[CP] Check Pods Manifest.lock";
			outputPaths = (
			);
			runOnlyForDeploymentPostprocessing = 0;
			shellPath = /bin/sh;
			shellScript = "diff \"${PODS_PODFILE_DIR_PATH}/Podfile.lock\" \"${PODS_ROOT}/Manifest.lock\" > /dev/null\nif [ $? != 0 ] ; then\n    # print error to STDERR\n    echo \"error: The sandbox is not in sync with the Podfile.lock. Run 'pod install' or update your CocoaPods installation.\" >&2\n    exit 1\nfi\n";
			showEnvVarsInLog = 0;
		};
		99980C9948ECDB1253EB926A /* [CP] Copy Pods Resources */ = {
			isa = PBXShellScriptBuildPhase;
			buildActionMask = 2147483647;
			files = (
			);
			inputPaths = (
			);
			name = "[CP] Copy Pods Resources";
			outputPaths = (
			);
			runOnlyForDeploymentPostprocessing = 0;
			shellPath = /bin/sh;
			shellScript = "\"${SRCROOT}/Pods/Target Support Files/Pods-crypto-graph/Pods-crypto-graph-resources.sh\"\n";
			showEnvVarsInLog = 0;
		};
		F1FEC42E69F60E9D0F70BF1C /* [CP] Embed Pods Frameworks */ = {
			isa = PBXShellScriptBuildPhase;
			buildActionMask = 2147483647;
			files = (
			);
			inputPaths = (
			);
			name = "[CP] Embed Pods Frameworks";
			outputPaths = (
			);
			runOnlyForDeploymentPostprocessing = 0;
			shellPath = /bin/sh;
			shellScript = "\"${SRCROOT}/Pods/Target Support Files/Pods-crypto-graph/Pods-crypto-graph-frameworks.sh\"\n";
			showEnvVarsInLog = 0;
		};
/* End PBXShellScriptBuildPhase section */

/* Begin PBXSourcesBuildPhase section */
		93CC67B8203F0BD600F5BE75 /* Sources */ = {
			isa = PBXSourcesBuildPhase;
			buildActionMask = 2147483647;
			files = (
				930CA3BC207D19C60052DAD0 /* PieChartView.swift in Sources */,
				93C5E2A6206D6276007ED48E /* Convert.swift in Sources */,
				9341CC7720767F4200A21F7F /* PortfolioDataController.swift in Sources */,
				93CC6828204745FE00F5BE75 /* Transaction.swift in Sources */,
				93CC682D204745FE00F5BE75 /* Managed.swift in Sources */,
				9341CC412073BB0600A21F7F /* ChooseCoinPresenter.swift in Sources */,
				935F9AFF206C415E008B0E66 /* ConcurrentBlocksArray.swift in Sources */,
				93CC6823204745FE00F5BE75 /* CoinsAPI.swift in Sources */,
				9341CC792076A3F500A21F7F /* PortfolioSession.swift in Sources */,
				9341CC7020765FDF00A21F7F /* TransactionsListView.swift in Sources */,
				9341CC7B2077D55B00A21F7F /* PortfolioCoinItem.swift in Sources */,
				930CA3C0207D21AA0052DAD0 /* PiecePath.swift in Sources */,
				9321934E207AC2BB00273DAF /* NavigationCustomOperation.swift in Sources */,
				930CA3CA207D43040052DAD0 /* TransactionItem.swift in Sources */,
				9341CC5F2075050300A21F7F /* AddTransactionNavigationController.swift in Sources */,
				9321934A207AC26400273DAF /* CustomTransitionNavigationController.swift in Sources */,
				9341CC452073C93D00A21F7F /* CoinShortItem.swift in Sources */,
				9341CC432073C63D00A21F7F /* ChooseCoinView.swift in Sources */,
				9341CC97207A774500A21F7F /* PortfolioHeaderView.swift in Sources */,
				935F9AFD206C0FFA008B0E66 /* Mapper.swift in Sources */,
				9341CC752076710900A21F7F /* TransactionsListPresenter.swift in Sources */,
				935F9AF7206C0217008B0E66 /* JsonInitializable.swift in Sources */,
				9341CC892078055F00A21F7F /* PortfolioNavigationController.swift in Sources */,
				9341CC552073EC2200A21F7F /* TransactionCreatingSession.swift in Sources */,
				9341CC612075055E00A21F7F /* AddTransactionView.swift in Sources */,
				9341CC4A2073E16900A21F7F /* LargeButton.swift in Sources */,
				93CC67C8203F0BD600F5BE75 /* crypto_graph.xcdatamodeld in Sources */,
				93CC682B204745FE00F5BE75 /* APIEndpoint.swift in Sources */,
				9341CC6320750D4E00A21F7F /* ChooseCoinViewPresenter.swift in Sources */,
				9341CC5B20741A3700A21F7F /* DateFormatter+Extensions.swift in Sources */,
				93CC6821204745FD00F5BE75 /* Coin.swift in Sources */,
				9341CC502073EB4D00A21F7F /* EnterTransactionDetailsPresenter.swift in Sources */,
				9341CC73207670F200A21F7F /* TransactionsListViewController.swift in Sources */,
				93CC682E204745FE00F5BE75 /* Price.swift in Sources */,
				93CC6826204745FE00F5BE75 /* CoreDataManager.swift in Sources */,
				9341CC522073EB6200A21F7F /* EnterTransactionDetailsViewController.swift in Sources */,
				93C5E2A2206D1B78007ED48E /* ImageManager.swift in Sources */,
				930CA3C5207D269E0052DAD0 /* TransactionsChart.swift in Sources */,
				93CC67C2203F0BD600F5BE75 /* ViewController.swift in Sources */,
				935F9AFB206C0863008B0E66 /* ManagedContextInitializable.swift in Sources */,
				9341CC852077FD6400A21F7F /* String+Extensions.swift in Sources */,
				9341CC6720754AAC00A21F7F /* CustomTabBarController.swift in Sources */,
				9341CC6C20765F8400A21F7F /* PortfolioPresenter.swift in Sources */,
				9341CC6920765F5D00A21F7F /* PortfolioView.swift in Sources */,
				9341CC4E2073EB3900A21F7F /* EnterTransactionDetailsView.swift in Sources */,
				93219346207A8F2E00273DAF /* Int+Extensions.swift in Sources */,
				930CA3BE207D1D000052DAD0 /* CGFloat+Extensions.swift in Sources */,
				9341CC572073F26400A21F7F /* AddTransactionPresenter.swift in Sources */,
				93CC67C0203F0BD600F5BE75 /* AppDelegate.swift in Sources */,
				9321934C207AC29300273DAF /* TransitionController.swift in Sources */,
				9341CC3F2073BAEC00A21F7F /* ChooseCoinViewController.swift in Sources */,
				9341CC592073F96000A21F7F /* ChoiceBottomPicker.swift in Sources */,
				93CC6827204745FE00F5BE75 /* NSManagedObjectContext+Extensions.swift in Sources */,
				93C5E2A4206D5FDE007ED48E /* ExtendedCoinPrice.swift in Sources */,
				9341CC6E20765F9900A21F7F /* PortfolioViewController.swift in Sources */,
				93B1B05F207EA38D00106D4D /* UIDevice+Extensions.swift in Sources */,
				9341CC65207515FF00A21F7F /* EnterTransactionDetailsViewPresenter.swift in Sources */,
				93219351207AC38300273DAF /* CGPoint+Extensions.swift in Sources */,
				9341CC5D20741D0800A21F7F /* ControllerHelper.swift in Sources */,
				93219348207A909B00273DAF /* UIColor+Extensions.swift in Sources */,
				9341CC802077F6DD00A21F7F /* PortfolioCoinScreen.swift in Sources */,
			);
			runOnlyForDeploymentPostprocessing = 0;
		};
/* End PBXSourcesBuildPhase section */

/* Begin PBXVariantGroup section */
		93CC67C3203F0BD600F5BE75 /* Main.storyboard */ = {
			isa = PBXVariantGroup;
			children = (
				93CC67C4203F0BD600F5BE75 /* Base */,
			);
			name = Main.storyboard;
			sourceTree = "<group>";
		};
		93CC67CB203F0BD600F5BE75 /* LaunchScreen.storyboard */ = {
			isa = PBXVariantGroup;
			children = (
				93CC67CC203F0BD600F5BE75 /* Base */,
			);
			name = LaunchScreen.storyboard;
			sourceTree = "<group>";
		};
/* End PBXVariantGroup section */

/* Begin XCBuildConfiguration section */
		93CC67CF203F0BD600F5BE75 /* Debug */ = {
			isa = XCBuildConfiguration;
			buildSettings = {
				ALWAYS_SEARCH_USER_PATHS = NO;
				CLANG_ANALYZER_NONNULL = YES;
				CLANG_ANALYZER_NUMBER_OBJECT_CONVERSION = YES_AGGRESSIVE;
				CLANG_CXX_LANGUAGE_STANDARD = "gnu++14";
				CLANG_CXX_LIBRARY = "libc++";
				CLANG_ENABLE_MODULES = YES;
				CLANG_ENABLE_OBJC_ARC = YES;
				CLANG_WARN_BLOCK_CAPTURE_AUTORELEASING = YES;
				CLANG_WARN_BOOL_CONVERSION = YES;
				CLANG_WARN_COMMA = YES;
				CLANG_WARN_CONSTANT_CONVERSION = YES;
				CLANG_WARN_DIRECT_OBJC_ISA_USAGE = YES_ERROR;
				CLANG_WARN_DOCUMENTATION_COMMENTS = YES;
				CLANG_WARN_EMPTY_BODY = YES;
				CLANG_WARN_ENUM_CONVERSION = YES;
				CLANG_WARN_INFINITE_RECURSION = YES;
				CLANG_WARN_INT_CONVERSION = YES;
				CLANG_WARN_NON_LITERAL_NULL_CONVERSION = YES;
				CLANG_WARN_OBJC_LITERAL_CONVERSION = YES;
				CLANG_WARN_OBJC_ROOT_CLASS = YES_ERROR;
				CLANG_WARN_RANGE_LOOP_ANALYSIS = YES;
				CLANG_WARN_STRICT_PROTOTYPES = YES;
				CLANG_WARN_SUSPICIOUS_MOVE = YES;
				CLANG_WARN_UNGUARDED_AVAILABILITY = YES_AGGRESSIVE;
				CLANG_WARN_UNREACHABLE_CODE = YES;
				CLANG_WARN__DUPLICATE_METHOD_MATCH = YES;
				CODE_SIGN_IDENTITY = "iPhone Developer";
				COPY_PHASE_STRIP = NO;
				DEBUG_INFORMATION_FORMAT = dwarf;
				ENABLE_STRICT_OBJC_MSGSEND = YES;
				ENABLE_TESTABILITY = YES;
				GCC_C_LANGUAGE_STANDARD = gnu11;
				GCC_DYNAMIC_NO_PIC = NO;
				GCC_NO_COMMON_BLOCKS = YES;
				GCC_OPTIMIZATION_LEVEL = 0;
				GCC_PREPROCESSOR_DEFINITIONS = (
					"DEBUG=1",
					"$(inherited)",
				);
				GCC_WARN_64_TO_32_BIT_CONVERSION = YES;
				GCC_WARN_ABOUT_RETURN_TYPE = YES_ERROR;
				GCC_WARN_UNDECLARED_SELECTOR = YES;
				GCC_WARN_UNINITIALIZED_AUTOS = YES_AGGRESSIVE;
				GCC_WARN_UNUSED_FUNCTION = YES;
				GCC_WARN_UNUSED_VARIABLE = YES;
				IPHONEOS_DEPLOYMENT_TARGET = 11.2;
				MTL_ENABLE_DEBUG_INFO = YES;
				ONLY_ACTIVE_ARCH = YES;
				SDKROOT = iphoneos;
				SWIFT_ACTIVE_COMPILATION_CONDITIONS = DEBUG;
				SWIFT_OPTIMIZATION_LEVEL = "-Onone";
			};
			name = Debug;
		};
		93CC67D0203F0BD600F5BE75 /* Release */ = {
			isa = XCBuildConfiguration;
			buildSettings = {
				ALWAYS_SEARCH_USER_PATHS = NO;
				CLANG_ANALYZER_NONNULL = YES;
				CLANG_ANALYZER_NUMBER_OBJECT_CONVERSION = YES_AGGRESSIVE;
				CLANG_CXX_LANGUAGE_STANDARD = "gnu++14";
				CLANG_CXX_LIBRARY = "libc++";
				CLANG_ENABLE_MODULES = YES;
				CLANG_ENABLE_OBJC_ARC = YES;
				CLANG_WARN_BLOCK_CAPTURE_AUTORELEASING = YES;
				CLANG_WARN_BOOL_CONVERSION = YES;
				CLANG_WARN_COMMA = YES;
				CLANG_WARN_CONSTANT_CONVERSION = YES;
				CLANG_WARN_DIRECT_OBJC_ISA_USAGE = YES_ERROR;
				CLANG_WARN_DOCUMENTATION_COMMENTS = YES;
				CLANG_WARN_EMPTY_BODY = YES;
				CLANG_WARN_ENUM_CONVERSION = YES;
				CLANG_WARN_INFINITE_RECURSION = YES;
				CLANG_WARN_INT_CONVERSION = YES;
				CLANG_WARN_NON_LITERAL_NULL_CONVERSION = YES;
				CLANG_WARN_OBJC_LITERAL_CONVERSION = YES;
				CLANG_WARN_OBJC_ROOT_CLASS = YES_ERROR;
				CLANG_WARN_RANGE_LOOP_ANALYSIS = YES;
				CLANG_WARN_STRICT_PROTOTYPES = YES;
				CLANG_WARN_SUSPICIOUS_MOVE = YES;
				CLANG_WARN_UNGUARDED_AVAILABILITY = YES_AGGRESSIVE;
				CLANG_WARN_UNREACHABLE_CODE = YES;
				CLANG_WARN__DUPLICATE_METHOD_MATCH = YES;
				CODE_SIGN_IDENTITY = "iPhone Developer";
				COPY_PHASE_STRIP = NO;
				DEBUG_INFORMATION_FORMAT = "dwarf-with-dsym";
				ENABLE_NS_ASSERTIONS = NO;
				ENABLE_STRICT_OBJC_MSGSEND = YES;
				GCC_C_LANGUAGE_STANDARD = gnu11;
				GCC_NO_COMMON_BLOCKS = YES;
				GCC_WARN_64_TO_32_BIT_CONVERSION = YES;
				GCC_WARN_ABOUT_RETURN_TYPE = YES_ERROR;
				GCC_WARN_UNDECLARED_SELECTOR = YES;
				GCC_WARN_UNINITIALIZED_AUTOS = YES_AGGRESSIVE;
				GCC_WARN_UNUSED_FUNCTION = YES;
				GCC_WARN_UNUSED_VARIABLE = YES;
				IPHONEOS_DEPLOYMENT_TARGET = 11.2;
				MTL_ENABLE_DEBUG_INFO = NO;
				SDKROOT = iphoneos;
				SWIFT_OPTIMIZATION_LEVEL = "-Owholemodule";
				VALIDATE_PRODUCT = YES;
			};
			name = Release;
		};
		93CC67D2203F0BD600F5BE75 /* Debug */ = {
			isa = XCBuildConfiguration;
			baseConfigurationReference = 3AC019C8CAE90372AB7F589A /* Pods-crypto-graph.debug.xcconfig */;
			buildSettings = {
				ASSETCATALOG_COMPILER_APPICON_NAME = AppIcon;
				CODE_SIGN_STYLE = Automatic;
				DEVELOPMENT_TEAM = PEYKHN6GF6;
				INFOPLIST_FILE = "crypto-graph/Info.plist";
				LD_RUNPATH_SEARCH_PATHS = "$(inherited) @executable_path/Frameworks";
				PRODUCT_BUNDLE_IDENTIFIER = "com.baseteam.crypto-graph";
				PRODUCT_NAME = "$(TARGET_NAME)";
				SWIFT_VERSION = 4.0;
				TARGETED_DEVICE_FAMILY = "1,2";
			};
			name = Debug;
		};
		93CC67D3203F0BD600F5BE75 /* Release */ = {
			isa = XCBuildConfiguration;
			baseConfigurationReference = 4A8E082030513B29A1952D5F /* Pods-crypto-graph.release.xcconfig */;
			buildSettings = {
				ASSETCATALOG_COMPILER_APPICON_NAME = AppIcon;
				CODE_SIGN_STYLE = Automatic;
				DEVELOPMENT_TEAM = PEYKHN6GF6;
				INFOPLIST_FILE = "crypto-graph/Info.plist";
				LD_RUNPATH_SEARCH_PATHS = "$(inherited) @executable_path/Frameworks";
				PRODUCT_BUNDLE_IDENTIFIER = "com.baseteam.crypto-graph";
				PRODUCT_NAME = "$(TARGET_NAME)";
				SWIFT_VERSION = 4.0;
				TARGETED_DEVICE_FAMILY = "1,2";
			};
			name = Release;
		};
/* End XCBuildConfiguration section */

/* Begin XCConfigurationList section */
		93CC67B7203F0BD600F5BE75 /* Build configuration list for PBXProject "crypto-graph" */ = {
			isa = XCConfigurationList;
			buildConfigurations = (
				93CC67CF203F0BD600F5BE75 /* Debug */,
				93CC67D0203F0BD600F5BE75 /* Release */,
			);
			defaultConfigurationIsVisible = 0;
			defaultConfigurationName = Release;
		};
		93CC67D1203F0BD600F5BE75 /* Build configuration list for PBXNativeTarget "crypto-graph" */ = {
			isa = XCConfigurationList;
			buildConfigurations = (
				93CC67D2203F0BD600F5BE75 /* Debug */,
				93CC67D3203F0BD600F5BE75 /* Release */,
			);
			defaultConfigurationIsVisible = 0;
			defaultConfigurationName = Release;
		};
/* End XCConfigurationList section */

/* Begin XCVersionGroup section */
		93CC67C6203F0BD600F5BE75 /* crypto_graph.xcdatamodeld */ = {
			isa = XCVersionGroup;
			children = (
				93CC67C7203F0BD600F5BE75 /* crypto_graph.xcdatamodel */,
			);
			currentVersion = 93CC67C7203F0BD600F5BE75 /* crypto_graph.xcdatamodel */;
			path = crypto_graph.xcdatamodeld;
			sourceTree = "<group>";
			versionGroupType = wrapper.xcdatamodel;
		};
/* End XCVersionGroup section */
	};
	rootObject = 93CC67B4203F0BD600F5BE75 /* Project object */;
}
